version: v0.138.4
dependencies:
- name: create-secret-manager-secret
  repository: https://broadinstitute.github.io/datarepo-helm
  version: 0.0.6
- name: dagster
  repository: https://dagster-io.github.io/helm
  version: 0.11.14
- name: serviceaccount-psp
  repository: https://broadinstitute.github.io/datarepo-helm
  version: 0.0.3
digest: sha256:6dc0757e0756dd8ee048d36fa25c18e502e6aa4b9e7e6373fba057fbf1758689
generated: "2021-04-29T09:13:01.415603-04:00"
