version: v0.170.0
dependencies:
- name: create-secret-manager-secret
  repository: https://broadinstitute.github.io/datarepo-helm
  version: 0.0.8
- name: dagster
  repository: https://dagster-io.github.io/helm
  version: 0.14.0
digest: sha256:a6b641eb96c70bb287ffaffd61aad0956d0f2952fef0914042ae8d66fd072e0d
generated: "2025-03-04T13:53:21.538141-05:00"
